
Microsoft Visual Studio Solution File, Format Version 12.00
# Visual Studio Version 17
VisualStudioVersion = 17.14.36511.14 d17.14
MinimumVisualStudioVersion = 10.0.40219.1
Project("{FAE04EC0-301F-11D3-BF4B-00C04F79EFBC}") = "NiceLabelApi", "NiceLabelApi\NiceLabelApi.csproj", "{593AB0EE-1C9A-49F3-926D-5718C2ABAFE5}"
EndProject
Global
	GlobalSection(SolutionConfigurationPlatforms) = preSolution
		Debug|Any CPU = Debug|Any CPU
		Release|Any CPU = Release|Any CPU
	EndGlobalSection
	GlobalSection(ProjectConfigurationPlatforms) = postSolution
		{593AB0EE-1C9A-49F3-926D-5718C2ABAFE5}.Debug|Any CPU.ActiveCfg = Debug|Any CPU
		{593AB0EE-1C9A-49F3-926D-5718C2ABAFE5}.Debug|Any CPU.Build.0 = Debug|Any CPU
		{593AB0EE-1C9A-49F3-926D-5718C2ABAFE5}.Release|Any CPU.ActiveCfg = Release|Any CPU
		{593AB0EE-1C9A-49F3-926D-5718C2ABAFE5}.Release|Any CPU.Build.0 = Release|Any CPU
	EndGlobalSection
	GlobalSection(SolutionProperties) = preSolution
		HideSolutionNode = FALSE
	EndGlobalSection
	GlobalSection(ExtensibilityGlobals) = postSolution
		SolutionGuid = {7140CD8B-9C07-4311-B4B6-C9A16A5C9635}
	EndGlobalSection
EndGlobal
